// !$*UTF8*$!
{
	archiveVersion = 1;
	classes = {
	};
	objectVersion = 50;
	objects = {

/* Begin PBXBuildFile section */
		422BE32825EA8B420083C46F /* StatusTableCellView.m in Sources */ = {isa = PBXBuildFile; fileRef = 422BE32725EA8B420083C46F /* StatusTableCellView.m */; };
		422BE80D25EE7E9B0083C46F /* CheckTableCellView.m in Sources */ = {isa = PBXBuildFile; fileRef = 422BE80C25EE7E9B0083C46F /* CheckTableCellView.m */; };
		422BE81325EE88380083C46F /* FileModel.m in Sources */ = {isa = PBXBuildFile; fileRef = 422BE81225EE88380083C46F /* FileModel.m */; };
		422BE82725EED3C60083C46F /* NameTableCellView.m in Sources */ = {isa = PBXBuildFile; fileRef = 422BE82625EED3C60083C46F /* NameTableCellView.m */; };
		422BE82C25EED3DC0083C46F /* TypeTableCellView.m in Sources */ = {isa = PBXBuildFile; fileRef = 422BE82B25EED3DC0083C46F /* TypeTableCellView.m */; };
		422BE83425EF13C20083C46F /* DeleteTableCellView.m in Sources */ = {isa = PBXBuildFile; fileRef = 422BE83325EF13C20083C46F /* DeleteTableCellView.m */; };
		428804B225DFBD1000FE9A98 /* AppDelegate.m in Sources */ = {isa = PBXBuildFile; fileRef = 428804B125DFBD1000FE9A98 /* AppDelegate.m */; };
		428804B425DFBD1200FE9A98 /* Assets.xcassets in Resources */ = {isa = PBXBuildFile; fileRef = 428804B325DFBD1200FE9A98 /* Assets.xcassets */; };
		428804B725DFBD1200FE9A98 /* MainMenu.xib in Resources */ = {isa = PBXBuildFile; fileRef = 428804B525DFBD1200FE9A98 /* MainMenu.xib */; };
		428804BA25DFBD1200FE9A98 /* main.m in Sources */ = {isa = PBXBuildFile; fileRef = 428804B925DFBD1200FE9A98 /* main.m */; };
		428804C525DFC07F00FE9A98 /* ViewController.m in Sources */ = {isa = PBXBuildFile; fileRef = 428804C325DFC07F00FE9A98 /* ViewController.m */; };
		428804C625DFC07F00FE9A98 /* ViewController.xib in Resources */ = {isa = PBXBuildFile; fileRef = 428804C425DFC07F00FE9A98 /* ViewController.xib */; };
		428804CB25DFC1B400FE9A98 /* WindowController.m in Sources */ = {isa = PBXBuildFile; fileRef = 428804C925DFC1B400FE9A98 /* WindowController.m */; };
		428804CC25DFC1B400FE9A98 /* WindowController.xib in Resources */ = {isa = PBXBuildFile; fileRef = 428804CA25DFC1B400FE9A98 /* WindowController.xib */; };
		428804F125E2D9EA00FE9A98 /* FileProcessXPCService.m in Sources */ = {isa = PBXBuildFile; fileRef = 428804F025E2D9EA00FE9A98 /* FileProcessXPCService.m */; };
		428804F325E2D9EB00FE9A98 /* main.m in Sources */ = {isa = PBXBuildFile; fileRef = 428804F225E2D9EB00FE9A98 /* main.m */; };
		428804F725E2D9EB00FE9A98 /* FileProcessXPCService.xpc in Embed XPC Services */ = {isa = PBXBuildFile; fileRef = 428804EC25E2D9EA00FE9A98 /* FileProcessXPCService.xpc */; settings = {ATTRIBUTES = (RemoveHeadersOnCopy, ); }; };
		42CFE1A225E9C0A200D7452B /* ServiceDelegate.m in Sources */ = {isa = PBXBuildFile; fileRef = 42CFE1A125E9C0A200D7452B /* ServiceDelegate.m */; };
/* End PBXBuildFile section */

/* Begin PBXContainerItemProxy section */
		428804F525E2D9EB00FE9A98 /* PBXContainerItemProxy */ = {
			isa = PBXContainerItemProxy;
			containerPortal = 428804A525DFBD1000FE9A98 /* Project object */;
			proxyType = 1;
			remoteGlobalIDString = 428804EB25E2D9EA00FE9A98;
			remoteInfo = FileProcessXPCService;
		};
/* End PBXContainerItemProxy section */

/* Begin PBXCopyFilesBuildPhase section */
		428804F825E2D9EB00FE9A98 /* Embed XPC Services */ = {
			isa = PBXCopyFilesBuildPhase;
			buildActionMask = 2147483647;
			dstPath = "$(CONTENTS_FOLDER_PATH)/XPCServices";
			dstSubfolderSpec = 16;
			files = (
				428804F725E2D9EB00FE9A98 /* FileProcessXPCService.xpc in Embed XPC Services */,
			);
			name = "Embed XPC Services";
			runOnlyForDeploymentPostprocessing = 0;
		};
/* End PBXCopyFilesBuildPhase section */

/* Begin PBXFileReference section */
		422BE32625EA8B420083C46F /* StatusTableCellView.h */ = {isa = PBXFileReference; lastKnownFileType = sourcecode.c.h; path = StatusTableCellView.h; sourceTree = "<group>"; };
		422BE32725EA8B420083C46F /* StatusTableCellView.m */ = {isa = PBXFileReference; lastKnownFileType = sourcecode.c.objc; path = StatusTableCellView.m; sourceTree = "<group>"; };
		422BE80B25EE7E9B0083C46F /* CheckTableCellView.h */ = {isa = PBXFileReference; lastKnownFileType = sourcecode.c.h; path = CheckTableCellView.h; sourceTree = "<group>"; };
		422BE80C25EE7E9B0083C46F /* CheckTableCellView.m */ = {isa = PBXFileReference; lastKnownFileType = sourcecode.c.objc; path = CheckTableCellView.m; sourceTree = "<group>"; };
		422BE81125EE88380083C46F /* FileModel.h */ = {isa = PBXFileReference; lastKnownFileType = sourcecode.c.h; path = FileModel.h; sourceTree = "<group>"; };
		422BE81225EE88380083C46F /* FileModel.m */ = {isa = PBXFileReference; lastKnownFileType = sourcecode.c.objc; path = FileModel.m; sourceTree = "<group>"; };
		422BE82525EED3C60083C46F /* NameTableCellView.h */ = {isa = PBXFileReference; lastKnownFileType = sourcecode.c.h; path = NameTableCellView.h; sourceTree = "<group>"; };
		422BE82625EED3C60083C46F /* NameTableCellView.m */ = {isa = PBXFileReference; lastKnownFileType = sourcecode.c.objc; path = NameTableCellView.m; sourceTree = "<group>"; };
		422BE82A25EED3DC0083C46F /* TypeTableCellView.h */ = {isa = PBXFileReference; lastKnownFileType = sourcecode.c.h; path = TypeTableCellView.h; sourceTree = "<group>"; };
		422BE82B25EED3DC0083C46F /* TypeTableCellView.m */ = {isa = PBXFileReference; lastKnownFileType = sourcecode.c.objc; path = TypeTableCellView.m; sourceTree = "<group>"; };
		422BE82F25EEFCEF0083C46F /* CellConfigurableProtocol.h */ = {isa = PBXFileReference; lastKnownFileType = sourcecode.c.h; path = CellConfigurableProtocol.h; sourceTree = "<group>"; };
		422BE83225EF13C20083C46F /* DeleteTableCellView.h */ = {isa = PBXFileReference; lastKnownFileType = sourcecode.c.h; path = DeleteTableCellView.h; sourceTree = "<group>"; };
		422BE83325EF13C20083C46F /* DeleteTableCellView.m */ = {isa = PBXFileReference; lastKnownFileType = sourcecode.c.objc; path = DeleteTableCellView.m; sourceTree = "<group>"; };
		428804AD25DFBD1000FE9A98 /* FileProcess.app */ = {isa = PBXFileReference; explicitFileType = wrapper.application; includeInIndex = 0; path = FileProcess.app; sourceTree = BUILT_PRODUCTS_DIR; };
		428804B025DFBD1000FE9A98 /* AppDelegate.h */ = {isa = PBXFileReference; lastKnownFileType = sourcecode.c.h; path = AppDelegate.h; sourceTree = "<group>"; };
		428804B125DFBD1000FE9A98 /* AppDelegate.m */ = {isa = PBXFileReference; lastKnownFileType = sourcecode.c.objc; path = AppDelegate.m; sourceTree = "<group>"; };
		428804B325DFBD1200FE9A98 /* Assets.xcassets */ = {isa = PBXFileReference; lastKnownFileType = folder.assetcatalog; path = Assets.xcassets; sourceTree = "<group>"; };
		428804B625DFBD1200FE9A98 /* Base */ = {isa = PBXFileReference; lastKnownFileType = file.xib; name = Base; path = Base.lproj/MainMenu.xib; sourceTree = "<group>"; };
		428804B825DFBD1200FE9A98 /* Info.plist */ = {isa = PBXFileReference; lastKnownFileType = text.plist.xml; path = Info.plist; sourceTree = "<group>"; };
		428804B925DFBD1200FE9A98 /* main.m */ = {isa = PBXFileReference; lastKnownFileType = sourcecode.c.objc; path = main.m; sourceTree = "<group>"; };
		428804BB25DFBD1200FE9A98 /* FileProcess.entitlements */ = {isa = PBXFileReference; lastKnownFileType = text.plist.entitlements; path = FileProcess.entitlements; sourceTree = "<group>"; };
		428804C225DFC07F00FE9A98 /* ViewController.h */ = {isa = PBXFileReference; lastKnownFileType = sourcecode.c.h; path = ViewController.h; sourceTree = "<group>"; };
		428804C325DFC07F00FE9A98 /* ViewController.m */ = {isa = PBXFileReference; lastKnownFileType = sourcecode.c.objc; path = ViewController.m; sourceTree = "<group>"; };
		428804C425DFC07F00FE9A98 /* ViewController.xib */ = {isa = PBXFileReference; lastKnownFileType = file.xib; path = ViewController.xib; sourceTree = "<group>"; };
		428804C825DFC1B400FE9A98 /* WindowController.h */ = {isa = PBXFileReference; lastKnownFileType = sourcecode.c.h; path = WindowController.h; sourceTree = "<group>"; };
		428804C925DFC1B400FE9A98 /* WindowController.m */ = {isa = PBXFileReference; lastKnownFileType = sourcecode.c.objc; path = WindowController.m; sourceTree = "<group>"; };
		428804CA25DFC1B400FE9A98 /* WindowController.xib */ = {isa = PBXFileReference; lastKnownFileType = file.xib; path = WindowController.xib; sourceTree = "<group>"; };
		428804EC25E2D9EA00FE9A98 /* FileProcessXPCService.xpc */ = {isa = PBXFileReference; explicitFileType = "wrapper.xpc-service"; includeInIndex = 0; path = FileProcessXPCService.xpc; sourceTree = BUILT_PRODUCTS_DIR; };
		428804EE25E2D9EA00FE9A98 /* FileProcessXPCServiceProtocol.h */ = {isa = PBXFileReference; lastKnownFileType = sourcecode.c.h; path = FileProcessXPCServiceProtocol.h; sourceTree = "<group>"; };
		428804EF25E2D9EA00FE9A98 /* FileProcessXPCService.h */ = {isa = PBXFileReference; lastKnownFileType = sourcecode.c.h; path = FileProcessXPCService.h; sourceTree = "<group>"; };
		428804F025E2D9EA00FE9A98 /* FileProcessXPCService.m */ = {isa = PBXFileReference; lastKnownFileType = sourcecode.c.objc; path = FileProcessXPCService.m; sourceTree = "<group>"; };
		428804F225E2D9EB00FE9A98 /* main.m */ = {isa = PBXFileReference; lastKnownFileType = sourcecode.c.objc; path = main.m; sourceTree = "<group>"; };
		428804F425E2D9EB00FE9A98 /* Info.plist */ = {isa = PBXFileReference; lastKnownFileType = text.plist.xml; path = Info.plist; sourceTree = "<group>"; };
		42CFE1A025E9C0A200D7452B /* ServiceDelegate.h */ = {isa = PBXFileReference; lastKnownFileType = sourcecode.c.h; path = ServiceDelegate.h; sourceTree = "<group>"; };
		42CFE1A125E9C0A200D7452B /* ServiceDelegate.m */ = {isa = PBXFileReference; lastKnownFileType = sourcecode.c.objc; path = ServiceDelegate.m; sourceTree = "<group>"; };
		42EA66F025E7CECD00A7EFA0 /* FileProcessorProtocol.h */ = {isa = PBXFileReference; lastKnownFileType = sourcecode.c.h; path = FileProcessorProtocol.h; sourceTree = "<group>"; };
/* End PBXFileReference section */

/* Begin PBXFrameworksBuildPhase section */
		428804AA25DFBD1000FE9A98 /* Frameworks */ = {
			isa = PBXFrameworksBuildPhase;
			buildActionMask = 2147483647;
			files = (
			);
			runOnlyForDeploymentPostprocessing = 0;
		};
		428804E925E2D9EA00FE9A98 /* Frameworks */ = {
			isa = PBXFrameworksBuildPhase;
			buildActionMask = 2147483647;
			files = (
			);
			runOnlyForDeploymentPostprocessing = 0;
		};
/* End PBXFrameworksBuildPhase section */

/* Begin PBXGroup section */
		428804A425DFBD1000FE9A98 = {
			isa = PBXGroup;
			children = (
				428804AF25DFBD1000FE9A98 /* FileProcess */,
				429FA02A260FAFBF00AFE141 /* SharedProtocols */,
				428804ED25E2D9EA00FE9A98 /* FileProcessXPCService */,
				428804AE25DFBD1000FE9A98 /* Products */,
			);
			sourceTree = "<group>";
		};
		428804AE25DFBD1000FE9A98 /* Products */ = {
			isa = PBXGroup;
			children = (
				428804AD25DFBD1000FE9A98 /* FileProcess.app */,
				428804EC25E2D9EA00FE9A98 /* FileProcessXPCService.xpc */,
			);
			name = Products;
			sourceTree = "<group>";
		};
		428804AF25DFBD1000FE9A98 /* FileProcess */ = {
			isa = PBXGroup;
			children = (
				429FA018260FAE6D00AFE141 /* Core */,
				429FA036260FB9FE00AFE141 /* Protocols */,
				429FA021260FAF1600AFE141 /* Models */,
				429FA01B260FAEB900AFE141 /* Controllers */,
			);
			path = FileProcess;
			sourceTree = "<group>";
		};
		428804ED25E2D9EA00FE9A98 /* FileProcessXPCService */ = {
			isa = PBXGroup;
			children = (
				429FA027260FAF9D00AFE141 /* Service */,
				429FA024260FAF8600AFE141 /* Core */,
			);
			path = FileProcessXPCService;
			sourceTree = "<group>";
		};
		429FA018260FAE6D00AFE141 /* Core */ = {
			isa = PBXGroup;
			children = (
				428804B025DFBD1000FE9A98 /* AppDelegate.h */,
				428804B125DFBD1000FE9A98 /* AppDelegate.m */,
				428804B325DFBD1200FE9A98 /* Assets.xcassets */,
				428804B525DFBD1200FE9A98 /* MainMenu.xib */,
				428804B825DFBD1200FE9A98 /* Info.plist */,
				428804B925DFBD1200FE9A98 /* main.m */,
				428804BB25DFBD1200FE9A98 /* FileProcess.entitlements */,
			);
			path = Core;
			sourceTree = "<group>";
		};
		429FA01B260FAEB900AFE141 /* Controllers */ = {
			isa = PBXGroup;
			children = (
				429FA033260FB44A00AFE141 /* CellProtocols */,
				429FA03D260FBAD500AFE141 /* CellModels */,
				429FA01E260FAECB00AFE141 /* Cells */,
				428804C825DFC1B400FE9A98 /* WindowController.h */,
				428804C925DFC1B400FE9A98 /* WindowController.m */,
				428804CA25DFC1B400FE9A98 /* WindowController.xib */,
				428804C225DFC07F00FE9A98 /* ViewController.h */,
				428804C325DFC07F00FE9A98 /* ViewController.m */,
				428804C425DFC07F00FE9A98 /* ViewController.xib */,
			);
			path = Controllers;
			sourceTree = "<group>";
		};
		429FA01E260FAECB00AFE141 /* Cells */ = {
			isa = PBXGroup;
			children = (
				422BE80B25EE7E9B0083C46F /* CheckTableCellView.h */,
				422BE80C25EE7E9B0083C46F /* CheckTableCellView.m */,
				422BE82525EED3C60083C46F /* NameTableCellView.h */,
				422BE82625EED3C60083C46F /* NameTableCellView.m */,
				422BE82A25EED3DC0083C46F /* TypeTableCellView.h */,
				422BE82B25EED3DC0083C46F /* TypeTableCellView.m */,
				422BE32625EA8B420083C46F /* StatusTableCellView.h */,
				422BE32725EA8B420083C46F /* StatusTableCellView.m */,
				422BE83225EF13C20083C46F /* DeleteTableCellView.h */,
				422BE83325EF13C20083C46F /* DeleteTableCellView.m */,
			);
			path = Cells;
			sourceTree = "<group>";
		};
		429FA021260FAF1600AFE141 /* Models */ = {
			isa = PBXGroup;
			children = (
				422BE81125EE88380083C46F /* FileModel.h */,
				422BE81225EE88380083C46F /* FileModel.m */,
			);
			path = Models;
			sourceTree = "<group>";
		};
		429FA024260FAF8600AFE141 /* Core */ = {
			isa = PBXGroup;
			children = (
				428804F225E2D9EB00FE9A98 /* main.m */,
				42CFE1A025E9C0A200D7452B /* ServiceDelegate.h */,
				42CFE1A125E9C0A200D7452B /* ServiceDelegate.m */,
				428804F425E2D9EB00FE9A98 /* Info.plist */,
			);
			path = Core;
			sourceTree = "<group>";
		};
		429FA027260FAF9D00AFE141 /* Service */ = {
			isa = PBXGroup;
			children = (
				428804EF25E2D9EA00FE9A98 /* FileProcessXPCService.h */,
				428804F025E2D9EA00FE9A98 /* FileProcessXPCService.m */,
			);
			path = Service;
			sourceTree = "<group>";
		};
		429FA02A260FAFBF00AFE141 /* SharedProtocols */ = {
			isa = PBXGroup;
			children = (
				428804EE25E2D9EA00FE9A98 /* FileProcessXPCServiceProtocol.h */,
			);
			path = SharedProtocols;
			sourceTree = "<group>";
		};
		429FA033260FB44A00AFE141 /* CellProtocols */ = {
			isa = PBXGroup;
			children = (
				422BE82F25EEFCEF0083C46F /* CellConfigurableProtocol.h */,
			);
			path = CellProtocols;
			sourceTree = "<group>";
		};
		429FA036260FB9FE00AFE141 /* Protocols */ = {
			isa = PBXGroup;
			children = (
				42EA66F025E7CECD00A7EFA0 /* FileProcessorProtocol.h */,
			);
			path = Protocols;
			sourceTree = "<group>";
		};
		429FA03D260FBAD500AFE141 /* CellModels */ = {
			isa = PBXGroup;
			children = (
			);
			path = CellModels;
			sourceTree = "<group>";
		};
/* End PBXGroup section */

/* Begin PBXNativeTarget section */
		428804AC25DFBD1000FE9A98 /* FileProcess */ = {
			isa = PBXNativeTarget;
			buildConfigurationList = 428804BE25DFBD1200FE9A98 /* Build configuration list for PBXNativeTarget "FileProcess" */;
			buildPhases = (
				428804A925DFBD1000FE9A98 /* Sources */,
				428804AA25DFBD1000FE9A98 /* Frameworks */,
				428804AB25DFBD1000FE9A98 /* Resources */,
				428804F825E2D9EB00FE9A98 /* Embed XPC Services */,
			);
			buildRules = (
			);
			dependencies = (
				428804F625E2D9EB00FE9A98 /* PBXTargetDependency */,
			);
			name = FileProcess;
			productName = FileProcess;
			productReference = 428804AD25DFBD1000FE9A98 /* FileProcess.app */;
			productType = "com.apple.product-type.application";
		};
		428804EB25E2D9EA00FE9A98 /* FileProcessXPCService */ = {
			isa = PBXNativeTarget;
			buildConfigurationList = 428804FB25E2D9EB00FE9A98 /* Build configuration list for PBXNativeTarget "FileProcessXPCService" */;
			buildPhases = (
				428804E825E2D9EA00FE9A98 /* Sources */,
				428804E925E2D9EA00FE9A98 /* Frameworks */,
				428804EA25E2D9EA00FE9A98 /* Resources */,
			);
			buildRules = (
			);
			dependencies = (
			);
			name = FileProcessXPCService;
			productName = FileProcessXPCService;
			productReference = 428804EC25E2D9EA00FE9A98 /* FileProcessXPCService.xpc */;
			productType = "com.apple.product-type.xpc-service";
		};
/* End PBXNativeTarget section */

/* Begin PBXProject section */
		428804A525DFBD1000FE9A98 /* Project object */ = {
			isa = PBXProject;
			attributes = {
				LastUpgradeCheck = 1240;
				TargetAttributes = {
					428804AC25DFBD1000FE9A98 = {
						CreatedOnToolsVersion = 12.4;
					};
					428804EB25E2D9EA00FE9A98 = {
						CreatedOnToolsVersion = 12.4;
					};
				};
			};
			buildConfigurationList = 428804A825DFBD1000FE9A98 /* Build configuration list for PBXProject "FileProcess" */;
			compatibilityVersion = "Xcode 9.3";
			developmentRegion = en;
			hasScannedForEncodings = 0;
			knownRegions = (
				en,
				Base,
			);
			mainGroup = 428804A425DFBD1000FE9A98;
			productRefGroup = 428804AE25DFBD1000FE9A98 /* Products */;
			projectDirPath = "";
			projectRoot = "";
			targets = (
				428804AC25DFBD1000FE9A98 /* FileProcess */,
				428804EB25E2D9EA00FE9A98 /* FileProcessXPCService */,
			);
		};
/* End PBXProject section */

/* Begin PBXResourcesBuildPhase section */
		428804AB25DFBD1000FE9A98 /* Resources */ = {
			isa = PBXResourcesBuildPhase;
			buildActionMask = 2147483647;
			files = (
				428804B425DFBD1200FE9A98 /* Assets.xcassets in Resources */,
				428804CC25DFC1B400FE9A98 /* WindowController.xib in Resources */,
				428804C625DFC07F00FE9A98 /* ViewController.xib in Resources */,
				428804B725DFBD1200FE9A98 /* MainMenu.xib in Resources */,
			);
			runOnlyForDeploymentPostprocessing = 0;
		};
		428804EA25E2D9EA00FE9A98 /* Resources */ = {
			isa = PBXResourcesBuildPhase;
			buildActionMask = 2147483647;
			files = (
			);
			runOnlyForDeploymentPostprocessing = 0;
		};
/* End PBXResourcesBuildPhase section */

/* Begin PBXSourcesBuildPhase section */
		428804A925DFBD1000FE9A98 /* Sources */ = {
			isa = PBXSourcesBuildPhase;
			buildActionMask = 2147483647;
			files = (
				422BE83425EF13C20083C46F /* DeleteTableCellView.m in Sources */,
				428804C525DFC07F00FE9A98 /* ViewController.m in Sources */,
				428804CB25DFC1B400FE9A98 /* WindowController.m in Sources */,
				422BE82725EED3C60083C46F /* NameTableCellView.m in Sources */,
				422BE32825EA8B420083C46F /* StatusTableCellView.m in Sources */,
				428804BA25DFBD1200FE9A98 /* main.m in Sources */,
				422BE80D25EE7E9B0083C46F /* CheckTableCellView.m in Sources */,
				422BE81325EE88380083C46F /* FileModel.m in Sources */,
				428804B225DFBD1000FE9A98 /* AppDelegate.m in Sources */,
				422BE82C25EED3DC0083C46F /* TypeTableCellView.m in Sources */,
			);
			runOnlyForDeploymentPostprocessing = 0;
		};
		428804E825E2D9EA00FE9A98 /* Sources */ = {
			isa = PBXSourcesBuildPhase;
			buildActionMask = 2147483647;
			files = (
				428804F325E2D9EB00FE9A98 /* main.m in Sources */,
				42CFE1A225E9C0A200D7452B /* ServiceDelegate.m in Sources */,
				428804F125E2D9EA00FE9A98 /* FileProcessXPCService.m in Sources */,
			);
			runOnlyForDeploymentPostprocessing = 0;
		};
/* End PBXSourcesBuildPhase section */

/* Begin PBXTargetDependency section */
		428804F625E2D9EB00FE9A98 /* PBXTargetDependency */ = {
			isa = PBXTargetDependency;
			target = 428804EB25E2D9EA00FE9A98 /* FileProcessXPCService */;
			targetProxy = 428804F525E2D9EB00FE9A98 /* PBXContainerItemProxy */;
		};
/* End PBXTargetDependency section */

/* Begin PBXVariantGroup section */
		428804B525DFBD1200FE9A98 /* MainMenu.xib */ = {
			isa = PBXVariantGroup;
			children = (
				428804B625DFBD1200FE9A98 /* Base */,
			);
			name = MainMenu.xib;
			sourceTree = "<group>";
		};
/* End PBXVariantGroup section */

/* Begin XCBuildConfiguration section */
		428804BC25DFBD1200FE9A98 /* Debug */ = {
			isa = XCBuildConfiguration;
			buildSettings = {
				ALWAYS_SEARCH_USER_PATHS = NO;
				CLANG_ANALYZER_NONNULL = YES;
				CLANG_ANALYZER_NUMBER_OBJECT_CONVERSION = YES_AGGRESSIVE;
				CLANG_CXX_LANGUAGE_STANDARD = "gnu++14";
				CLANG_CXX_LIBRARY = "libc++";
				CLANG_ENABLE_MODULES = YES;
				CLANG_ENABLE_OBJC_ARC = YES;
				CLANG_ENABLE_OBJC_WEAK = YES;
				CLANG_WARN_BLOCK_CAPTURE_AUTORELEASING = YES;
				CLANG_WARN_BOOL_CONVERSION = YES;
				CLANG_WARN_COMMA = YES;
				CLANG_WARN_CONSTANT_CONVERSION = YES;
				CLANG_WARN_DEPRECATED_OBJC_IMPLEMENTATIONS = YES;
				CLANG_WARN_DIRECT_OBJC_ISA_USAGE = YES_ERROR;
				CLANG_WARN_DOCUMENTATION_COMMENTS = YES;
				CLANG_WARN_EMPTY_BODY = YES;
				CLANG_WARN_ENUM_CONVERSION = YES;
				CLANG_WARN_INFINITE_RECURSION = YES;
				CLANG_WARN_INT_CONVERSION = YES;
				CLANG_WARN_NON_LITERAL_NULL_CONVERSION = YES;
				CLANG_WARN_OBJC_IMPLICIT_RETAIN_SELF = YES;
				CLANG_WARN_OBJC_LITERAL_CONVERSION = YES;
				CLANG_WARN_OBJC_ROOT_CLASS = YES_ERROR;
				CLANG_WARN_QUOTED_INCLUDE_IN_FRAMEWORK_HEADER = YES;
				CLANG_WARN_RANGE_LOOP_ANALYSIS = YES;
				CLANG_WARN_STRICT_PROTOTYPES = YES;
				CLANG_WARN_SUSPICIOUS_MOVE = YES;
				CLANG_WARN_UNGUARDED_AVAILABILITY = YES_AGGRESSIVE;
				CLANG_WARN_UNREACHABLE_CODE = YES;
				CLANG_WARN__DUPLICATE_METHOD_MATCH = YES;
				COPY_PHASE_STRIP = NO;
				DEBUG_INFORMATION_FORMAT = dwarf;
				ENABLE_STRICT_OBJC_MSGSEND = YES;
				ENABLE_TESTABILITY = YES;
				GCC_C_LANGUAGE_STANDARD = gnu11;
				GCC_DYNAMIC_NO_PIC = NO;
				GCC_NO_COMMON_BLOCKS = YES;
				GCC_OPTIMIZATION_LEVEL = 0;
				GCC_PREPROCESSOR_DEFINITIONS = (
					"DEBUG=1",
					"$(inherited)",
				);
				GCC_WARN_64_TO_32_BIT_CONVERSION = YES;
				GCC_WARN_ABOUT_RETURN_TYPE = YES_ERROR;
				GCC_WARN_UNDECLARED_SELECTOR = YES;
				GCC_WARN_UNINITIALIZED_AUTOS = YES_AGGRESSIVE;
				GCC_WARN_UNUSED_FUNCTION = YES;
				GCC_WARN_UNUSED_VARIABLE = YES;
				MACOSX_DEPLOYMENT_TARGET = 11.1;
				MTL_ENABLE_DEBUG_INFO = INCLUDE_SOURCE;
				MTL_FAST_MATH = YES;
				ONLY_ACTIVE_ARCH = YES;
				SDKROOT = macosx;
			};
			name = Debug;
		};
		428804BD25DFBD1200FE9A98 /* Release */ = {
			isa = XCBuildConfiguration;
			buildSettings = {
				ALWAYS_SEARCH_USER_PATHS = NO;
				CLANG_ANALYZER_NONNULL = YES;
				CLANG_ANALYZER_NUMBER_OBJECT_CONVERSION = YES_AGGRESSIVE;
				CLANG_CXX_LANGUAGE_STANDARD = "gnu++14";
				CLANG_CXX_LIBRARY = "libc++";
				CLANG_ENABLE_MODULES = YES;
				CLANG_ENABLE_OBJC_ARC = YES;
				CLANG_ENABLE_OBJC_WEAK = YES;
				CLANG_WARN_BLOCK_CAPTURE_AUTORELEASING = YES;
				CLANG_WARN_BOOL_CONVERSION = YES;
				CLANG_WARN_COMMA = YES;
				CLANG_WARN_CONSTANT_CONVERSION = YES;
				CLANG_WARN_DEPRECATED_OBJC_IMPLEMENTATIONS = YES;
				CLANG_WARN_DIRECT_OBJC_ISA_USAGE = YES_ERROR;
				CLANG_WARN_DOCUMENTATION_COMMENTS = YES;
				CLANG_WARN_EMPTY_BODY = YES;
				CLANG_WARN_ENUM_CONVERSION = YES;
				CLANG_WARN_INFINITE_RECURSION = YES;
				CLANG_WARN_INT_CONVERSION = YES;
				CLANG_WARN_NON_LITERAL_NULL_CONVERSION = YES;
				CLANG_WARN_OBJC_IMPLICIT_RETAIN_SELF = YES;
				CLANG_WARN_OBJC_LITERAL_CONVERSION = YES;
				CLANG_WARN_OBJC_ROOT_CLASS = YES_ERROR;
				CLANG_WARN_QUOTED_INCLUDE_IN_FRAMEWORK_HEADER = YES;
				CLANG_WARN_RANGE_LOOP_ANALYSIS = YES;
				CLANG_WARN_STRICT_PROTOTYPES = YES;
				CLANG_WARN_SUSPICIOUS_MOVE = YES;
				CLANG_WARN_UNGUARDED_AVAILABILITY = YES_AGGRESSIVE;
				CLANG_WARN_UNREACHABLE_CODE = YES;
				CLANG_WARN__DUPLICATE_METHOD_MATCH = YES;
				COPY_PHASE_STRIP = NO;
				DEBUG_INFORMATION_FORMAT = "dwarf-with-dsym";
				ENABLE_NS_ASSERTIONS = NO;
				ENABLE_STRICT_OBJC_MSGSEND = YES;
				GCC_C_LANGUAGE_STANDARD = gnu11;
				GCC_NO_COMMON_BLOCKS = YES;
				GCC_WARN_64_TO_32_BIT_CONVERSION = YES;
				GCC_WARN_ABOUT_RETURN_TYPE = YES_ERROR;
				GCC_WARN_UNDECLARED_SELECTOR = YES;
				GCC_WARN_UNINITIALIZED_AUTOS = YES_AGGRESSIVE;
				GCC_WARN_UNUSED_FUNCTION = YES;
				GCC_WARN_UNUSED_VARIABLE = YES;
				MACOSX_DEPLOYMENT_TARGET = 11.1;
				MTL_ENABLE_DEBUG_INFO = NO;
				MTL_FAST_MATH = YES;
				SDKROOT = macosx;
			};
			name = Release;
		};
		428804BF25DFBD1200FE9A98 /* Debug */ = {
			isa = XCBuildConfiguration;
			buildSettings = {
				ASSETCATALOG_COMPILER_APPICON_NAME = AppIcon;
				ASSETCATALOG_COMPILER_GLOBAL_ACCENT_COLOR_NAME = AccentColor;
				CODE_SIGN_ENTITLEMENTS = FileProcess/FileProcess.entitlements;
				CODE_SIGN_STYLE = Automatic;
				COMBINE_HIDPI_IMAGES = YES;
				INFOPLIST_FILE = FileProcess/Core/Info.plist;
				LD_RUNPATH_SEARCH_PATHS = (
					"$(inherited)",
					"@executable_path/../Frameworks",
				);
				PRODUCT_BUNDLE_IDENTIFIER = org.ua.fixme.FileProcess;
				PRODUCT_NAME = "$(TARGET_NAME)";
			};
			name = Debug;
		};
		428804C025DFBD1200FE9A98 /* Release */ = {
			isa = XCBuildConfiguration;
			buildSettings = {
				ASSETCATALOG_COMPILER_APPICON_NAME = AppIcon;
				ASSETCATALOG_COMPILER_GLOBAL_ACCENT_COLOR_NAME = AccentColor;
				CODE_SIGN_ENTITLEMENTS = FileProcess/FileProcess.entitlements;
				CODE_SIGN_STYLE = Automatic;
				COMBINE_HIDPI_IMAGES = YES;
				INFOPLIST_FILE = FileProcess/Core/Info.plist;
				LD_RUNPATH_SEARCH_PATHS = (
					"$(inherited)",
					"@executable_path/../Frameworks",
				);
				PRODUCT_BUNDLE_IDENTIFIER = org.ua.fixme.FileProcess;
				PRODUCT_NAME = "$(TARGET_NAME)";
			};
			name = Release;
		};
		428804F925E2D9EB00FE9A98 /* Debug */ = {
			isa = XCBuildConfiguration;
			buildSettings = {
				CODE_SIGN_STYLE = Automatic;
				COMBINE_HIDPI_IMAGES = YES;
				INFOPLIST_FILE = FileProcessXPCService/Core/Info.plist;
				PRODUCT_BUNDLE_IDENTIFIER = org.ua.fixme.FileProcessXPCService;
				PRODUCT_NAME = "$(TARGET_NAME)";
				SKIP_INSTALL = YES;
			};
			name = Debug;
		};
		428804FA25E2D9EB00FE9A98 /* Release */ = {
			isa = XCBuildConfiguration;
			buildSettings = {
				CODE_SIGN_STYLE = Automatic;
				COMBINE_HIDPI_IMAGES = YES;
				INFOPLIST_FILE = FileProcessXPCService/Core/Info.plist;
				PRODUCT_BUNDLE_IDENTIFIER = org.ua.fixme.FileProcessXPCService;
				PRODUCT_NAME = "$(TARGET_NAME)";
				SKIP_INSTALL = YES;
			};
			name = Release;
		};
/* End XCBuildConfiguration section */

/* Begin XCConfigurationList section */
		428804A825DFBD1000FE9A98 /* Build configuration list for PBXProject "FileProcess" */ = {
			isa = XCConfigurationList;
			buildConfigurations = (
				428804BC25DFBD1200FE9A98 /* Debug */,
				428804BD25DFBD1200FE9A98 /* Release */,
			);
			defaultConfigurationIsVisible = 0;
			defaultConfigurationName = Release;
		};
		428804BE25DFBD1200FE9A98 /* Build configuration list for PBXNativeTarget "FileProcess" */ = {
			isa = XCConfigurationList;
			buildConfigurations = (
				428804BF25DFBD1200FE9A98 /* Debug */,
				428804C025DFBD1200FE9A98 /* Release */,
			);
			defaultConfigurationIsVisible = 0;
			defaultConfigurationName = Release;
		};
		428804FB25E2D9EB00FE9A98 /* Build configuration list for PBXNativeTarget "FileProcessXPCService" */ = {
			isa = XCConfigurationList;
			buildConfigurations = (
				428804F925E2D9EB00FE9A98 /* Debug */,
				428804FA25E2D9EB00FE9A98 /* Release */,
			);
			defaultConfigurationIsVisible = 0;
			defaultConfigurationName = Release;
		};
/* End XCConfigurationList section */
	};
	rootObject = 428804A525DFBD1000FE9A98 /* Project object */;
}
